
Microsoft Visual Studio Solution File, Format Version 12.00
Project("{FAE04EC0-301F-11D3-BF4B-00C04F79EFBC}") = "CrazyCards.Api", "src\CrazyCards.Api\CrazyCards.Api.csproj", "{E7076EBC-8EDA-452E-8625-A9AF0428304A}"
EndProject
Project("{FAE04EC0-301F-11D3-BF4B-00C04F79EFBC}") = "CrazyCards.Domain", "src\CrazyCards.Domain\CrazyCards.Domain.csproj", "{99C3098F-8439-4A62-8080-FCCEC0E4BF35}"
EndProject
Project("{FAE04EC0-301F-11D3-BF4B-00C04F79EFBC}") = "CrazyCards.Workers", "src\CrazyCards.Workers\CrazyCards.Workers.csproj", "{5F161368-3D09-4832-8327-2F005AF21DAE}"
EndProject
Project("{FAE04EC0-301F-11D3-BF4B-00C04F79EFBC}") = "CrazyCards.Application", "src\CrazyCards.Application\CrazyCards.Application.csproj", "{D7EE12D3-1FE4-49CE-BEA4-4FB67B49FCB4}"
EndProject
Project("{2150E333-8FDC-42A3-9474-1A3956D46DE8}") = "src", "src", "{053F637E-D492-4746-A7EB-AC807A5FD740}"
EndProject
Project("{2150E333-8FDC-42A3-9474-1A3956D46DE8}") = "tests", "tests", "{25EF600E-26CA-4382-B931-497761F3E75B}"
EndProject
Project("{FAE04EC0-301F-11D3-BF4B-00C04F79EFBC}") = "CrazyCards.Security", "src\CrazyCards.Security\CrazyCards.Security.csproj", "{64B7C185-2C09-4DF3-BB22-7A6925E92504}"
EndProject
Project("{FAE04EC0-301F-11D3-BF4B-00C04F79EFBC}") = "CrazyCards.Infrastructure", "src\CrazyCards.Infrastructure\CrazyCards.Infrastructure.csproj", "{79959B19-5802-487D-8BBE-8E7E4392B3C5}"
EndProject
Project("{FAE04EC0-301F-11D3-BF4B-00C04F79EFBC}") = "CrazyCards.Presentation", "src\CrazyCards.Presentation\CrazyCards.Presentation.csproj", "{FE41A17C-3098-4EBA-A5E0-208C944510A1}"
EndProject
Project("{FAE04EC0-301F-11D3-BF4B-00C04F79EFBC}") = "CrazyCards.Persistence", "src\CrazyCards.Persistence\CrazyCards.Persistence.csproj", "{CC63E943-68AF-4CA5-844C-2F5EE856A8BF}"
EndProject
Global
	GlobalSection(SolutionConfigurationPlatforms) = preSolution
		Debug|Any CPU = Debug|Any CPU
		Release|Any CPU = Release|Any CPU
	EndGlobalSection
	GlobalSection(ProjectConfigurationPlatforms) = postSolution
		{E7076EBC-8EDA-452E-8625-A9AF0428304A}.Debug|Any CPU.ActiveCfg = Debug|Any CPU
		{E7076EBC-8EDA-452E-8625-A9AF0428304A}.Debug|Any CPU.Build.0 = Debug|Any CPU
		{E7076EBC-8EDA-452E-8625-A9AF0428304A}.Release|Any CPU.ActiveCfg = Release|Any CPU
		{E7076EBC-8EDA-452E-8625-A9AF0428304A}.Release|Any CPU.Build.0 = Release|Any CPU
		{99C3098F-8439-4A62-8080-FCCEC0E4BF35}.Debug|Any CPU.ActiveCfg = Debug|Any CPU
		{99C3098F-8439-4A62-8080-FCCEC0E4BF35}.Debug|Any CPU.Build.0 = Debug|Any CPU
		{99C3098F-8439-4A62-8080-FCCEC0E4BF35}.Release|Any CPU.ActiveCfg = Release|Any CPU
		{99C3098F-8439-4A62-8080-FCCEC0E4BF35}.Release|Any CPU.Build.0 = Release|Any CPU
		{5F161368-3D09-4832-8327-2F005AF21DAE}.Debug|Any CPU.ActiveCfg = Debug|Any CPU
		{5F161368-3D09-4832-8327-2F005AF21DAE}.Debug|Any CPU.Build.0 = Debug|Any CPU
		{5F161368-3D09-4832-8327-2F005AF21DAE}.Release|Any CPU.ActiveCfg = Release|Any CPU
		{5F161368-3D09-4832-8327-2F005AF21DAE}.Release|Any CPU.Build.0 = Release|Any CPU
		{D7EE12D3-1FE4-49CE-BEA4-4FB67B49FCB4}.Debug|Any CPU.ActiveCfg = Debug|Any CPU
		{D7EE12D3-1FE4-49CE-BEA4-4FB67B49FCB4}.Debug|Any CPU.Build.0 = Debug|Any CPU
		{D7EE12D3-1FE4-49CE-BEA4-4FB67B49FCB4}.Release|Any CPU.ActiveCfg = Release|Any CPU
		{D7EE12D3-1FE4-49CE-BEA4-4FB67B49FCB4}.Release|Any CPU.Build.0 = Release|Any CPU
		{64B7C185-2C09-4DF3-BB22-7A6925E92504}.Debug|Any CPU.ActiveCfg = Debug|Any CPU
		{64B7C185-2C09-4DF3-BB22-7A6925E92504}.Debug|Any CPU.Build.0 = Debug|Any CPU
		{64B7C185-2C09-4DF3-BB22-7A6925E92504}.Release|Any CPU.ActiveCfg = Release|Any CPU
		{64B7C185-2C09-4DF3-BB22-7A6925E92504}.Release|Any CPU.Build.0 = Release|Any CPU
		{79959B19-5802-487D-8BBE-8E7E4392B3C5}.Debug|Any CPU.ActiveCfg = Debug|Any CPU
		{79959B19-5802-487D-8BBE-8E7E4392B3C5}.Debug|Any CPU.Build.0 = Debug|Any CPU
		{79959B19-5802-487D-8BBE-8E7E4392B3C5}.Release|Any CPU.ActiveCfg = Release|Any CPU
		{79959B19-5802-487D-8BBE-8E7E4392B3C5}.Release|Any CPU.Build.0 = Release|Any CPU
		{FE41A17C-3098-4EBA-A5E0-208C944510A1}.Debug|Any CPU.ActiveCfg = Debug|Any CPU
		{FE41A17C-3098-4EBA-A5E0-208C944510A1}.Debug|Any CPU.Build.0 = Debug|Any CPU
		{FE41A17C-3098-4EBA-A5E0-208C944510A1}.Release|Any CPU.ActiveCfg = Release|Any CPU
		{FE41A17C-3098-4EBA-A5E0-208C944510A1}.Release|Any CPU.Build.0 = Release|Any CPU
		{CC63E943-68AF-4CA5-844C-2F5EE856A8BF}.Debug|Any CPU.ActiveCfg = Debug|Any CPU
		{CC63E943-68AF-4CA5-844C-2F5EE856A8BF}.Debug|Any CPU.Build.0 = Debug|Any CPU
		{CC63E943-68AF-4CA5-844C-2F5EE856A8BF}.Release|Any CPU.ActiveCfg = Release|Any CPU
		{CC63E943-68AF-4CA5-844C-2F5EE856A8BF}.Release|Any CPU.Build.0 = Release|Any CPU
	EndGlobalSection
	GlobalSection(NestedProjects) = preSolution
		{E7076EBC-8EDA-452E-8625-A9AF0428304A} = {053F637E-D492-4746-A7EB-AC807A5FD740}
		{D7EE12D3-1FE4-49CE-BEA4-4FB67B49FCB4} = {053F637E-D492-4746-A7EB-AC807A5FD740}
		{99C3098F-8439-4A62-8080-FCCEC0E4BF35} = {053F637E-D492-4746-A7EB-AC807A5FD740}
		{5F161368-3D09-4832-8327-2F005AF21DAE} = {053F637E-D492-4746-A7EB-AC807A5FD740}
		{64B7C185-2C09-4DF3-BB22-7A6925E92504} = {053F637E-D492-4746-A7EB-AC807A5FD740}
		{79959B19-5802-487D-8BBE-8E7E4392B3C5} = {053F637E-D492-4746-A7EB-AC807A5FD740}
		{FE41A17C-3098-4EBA-A5E0-208C944510A1} = {053F637E-D492-4746-A7EB-AC807A5FD740}
		{CC63E943-68AF-4CA5-844C-2F5EE856A8BF} = {053F637E-D492-4746-A7EB-AC807A5FD740}
	EndGlobalSection
EndGlobal
